
Microsoft Visual Studio Solution File, Format Version 12.00
# Visual Studio Version 16
VisualStudioVersion = 16.0.31605.320
MinimumVisualStudioVersion = 10.0.40219.1
Project("{FAE04EC0-301F-11D3-BF4B-00C04F79EFBC}") = "SourceGeneratorDiagnosticDemonstration", "SourceGeneratorDiagnosticDemonstration\SourceGeneratorDiagnosticDemonstration.csproj", "{376118F4-9DC2-4FAC-B407-BBA983F72523}"
EndProject
Project("{FAE04EC0-301F-11D3-BF4B-00C04F79EFBC}") = "ConsoleApp", "ConsoleApp\ConsoleApp.csproj", "{364C016D-D437-47BD-80B3-98FECA05EA18}"
EndProject
Global
	GlobalSection(SolutionConfigurationPlatforms) = preSolution
		Debug|Any CPU = Debug|Any CPU
		Release|Any CPU = Release|Any CPU
	EndGlobalSection
	GlobalSection(ProjectConfigurationPlatforms) = postSolution
		{376118F4-9DC2-4FAC-B407-BBA983F72523}.Debug|Any CPU.ActiveCfg = Debug|Any CPU
		{376118F4-9DC2-4FAC-B407-BBA983F72523}.Debug|Any CPU.Build.0 = Debug|Any CPU
		{376118F4-9DC2-4FAC-B407-BBA983F72523}.Release|Any CPU.ActiveCfg = Release|Any CPU
		{376118F4-9DC2-4FAC-B407-BBA983F72523}.Release|Any CPU.Build.0 = Release|Any CPU
		{364C016D-D437-47BD-80B3-98FECA05EA18}.Debug|Any CPU.ActiveCfg = Debug|Any CPU
		{364C016D-D437-47BD-80B3-98FECA05EA18}.Debug|Any CPU.Build.0 = Debug|Any CPU
		{364C016D-D437-47BD-80B3-98FECA05EA18}.Release|Any CPU.ActiveCfg = Release|Any CPU
		{364C016D-D437-47BD-80B3-98FECA05EA18}.Release|Any CPU.Build.0 = Release|Any CPU
	EndGlobalSection
	GlobalSection(SolutionProperties) = preSolution
		HideSolutionNode = FALSE
	EndGlobalSection
	GlobalSection(ExtensibilityGlobals) = postSolution
		SolutionGuid = {0532392D-416E-44B5-8AB8-E08162D6EBD1}
	EndGlobalSection
EndGlobal
